
Microsoft Visual Studio Solution File, Format Version 12.00
# Visual Studio Version 17
VisualStudioVersion = 17.0.32126.317
MinimumVisualStudioVersion = 10.0.40219.1
Project("{FAE04EC0-301F-11D3-BF4B-00C04F79EFBC}") = "Ex03", "Ex03\Ex03.csproj", "{CC91BAD1-0ED4-4E86-A954-577A1A3A21BB}"
EndProject
Global
	GlobalSection(SolutionConfigurationPlatforms) = preSolution
		Debug|Any CPU = Debug|Any CPU
		Release|Any CPU = Release|Any CPU
	EndGlobalSection
	GlobalSection(ProjectConfigurationPlatforms) = postSolution
		{CC91BAD1-0ED4-4E86-A954-577A1A3A21BB}.Debug|Any CPU.ActiveCfg = Debug|Any CPU
		{CC91BAD1-0ED4-4E86-A954-577A1A3A21BB}.Debug|Any CPU.Build.0 = Debug|Any CPU
		{CC91BAD1-0ED4-4E86-A954-577A1A3A21BB}.Release|Any CPU.ActiveCfg = Release|Any CPU
		{CC91BAD1-0ED4-4E86-A954-577A1A3A21BB}.Release|Any CPU.Build.0 = Release|Any CPU
	EndGlobalSection
	GlobalSection(SolutionProperties) = preSolution
		HideSolutionNode = FALSE
	EndGlobalSection
	GlobalSection(ExtensibilityGlobals) = postSolution
		SolutionGuid = {A708668D-C1E1-45C3-9BE3-65A9FC5F6E41}
	EndGlobalSection
EndGlobal
